
Microsoft Visual Studio Solution File, Format Version 12.00
# Visual Studio Version 17
VisualStudioVersion = 17.9.34622.214
MinimumVisualStudioVersion = 10.0.40219.1
Project("{FAE04EC0-301F-11D3-BF4B-00C04F79EFBC}") = "UTIN", "UTIN.csproj", "{7CE93319-3E4B-4122-9A7B-5DB2F95BB568}"
EndProject
Global
	GlobalSection(SolutionConfigurationPlatforms) = preSolution
		Debug|Any CPU = Debug|Any CPU
		Release|Any CPU = Release|Any CPU
	EndGlobalSection
	GlobalSection(ProjectConfigurationPlatforms) = postSolution
		{7CE93319-3E4B-4122-9A7B-5DB2F95BB568}.Debug|Any CPU.ActiveCfg = Debug|Any CPU
		{7CE93319-3E4B-4122-9A7B-5DB2F95BB568}.Debug|Any CPU.Build.0 = Debug|Any CPU
		{7CE93319-3E4B-4122-9A7B-5DB2F95BB568}.Release|Any CPU.ActiveCfg = Release|Any CPU
		{7CE93319-3E4B-4122-9A7B-5DB2F95BB568}.Release|Any CPU.Build.0 = Release|Any CPU
	EndGlobalSection
	GlobalSection(SolutionProperties) = preSolution
		HideSolutionNode = FALSE
	EndGlobalSection
	GlobalSection(ExtensibilityGlobals) = postSolution
		SolutionGuid = {541502FF-E84F-489F-85CF-5319E2A366C6}
	EndGlobalSection
EndGlobal
